
Microsoft Visual Studio Solution File, Format Version 12.00
# Visual Studio Version 17
VisualStudioVersion = 17.4.33213.308
MinimumVisualStudioVersion = 10.0.40219.1
Project("{FAE04EC0-301F-11D3-BF4B-00C04F79EFBC}") = "SlackArchiver", "SlackArchiver\SlackArchiver.csproj", "{6E9A33EB-8607-432E-A063-3A0960B4194E}"
EndProject
Global
	GlobalSection(SolutionConfigurationPlatforms) = preSolution
		Debug|Any CPU = Debug|Any CPU
		Release|Any CPU = Release|Any CPU
	EndGlobalSection
	GlobalSection(ProjectConfigurationPlatforms) = postSolution
		{6E9A33EB-8607-432E-A063-3A0960B4194E}.Debug|Any CPU.ActiveCfg = Debug|Any CPU
		{6E9A33EB-8607-432E-A063-3A0960B4194E}.Debug|Any CPU.Build.0 = Debug|Any CPU
		{6E9A33EB-8607-432E-A063-3A0960B4194E}.Release|Any CPU.ActiveCfg = Release|Any CPU
		{6E9A33EB-8607-432E-A063-3A0960B4194E}.Release|Any CPU.Build.0 = Release|Any CPU
	EndGlobalSection
	GlobalSection(SolutionProperties) = preSolution
		HideSolutionNode = FALSE
	EndGlobalSection
	GlobalSection(ExtensibilityGlobals) = postSolution
		SolutionGuid = {33E46742-8643-4E8D-BB7E-7C052498F288}
	EndGlobalSection
EndGlobal
